
Microsoft Visual Studio Solution File, Format Version 12.00
# Visual Studio Version 17
VisualStudioVersion = 17.14.37628.2
MinimumVisualStudioVersion = 10.0.40219.1
Project("{2150E333-8FDC-42A3-9474-1A3956D46DE8}") = "Task0", "Task0", "{02EA681E-C7D8-13C7-8484-4AC65E1B71E8}"
EndProject
Project("{FAE04EC0-301F-11D3-BF4B-00C04F79EFBC}") = "Tyuiu.GluhovaUA.Sprint1.Task0.V5", "Tyuiu.GluhovaUA.Sprint1.Task0.V5\Tyuiu.GluhovaUA.Sprint1.Task0.V5.csproj", "{3ADCBAE4-B33D-4B62-8399-394C58638DE7}"
EndProject
Project("{FAE04EC0-301F-11D3-BF4B-00C04F79EFBC}") = "Tyuiu.GluhovaUA.Sprint1.Task0.V5.Lib", "Tyuiu.GluhovaUA.Sprint1.Task0.V5.Lib\Tyuiu.GluhovaUA.Sprint1.Task0.V5.Lib.csproj", "{B131D7A3-8726-46C4-8FAF-01DC057BF669}"
EndProject
Project("{FAE04EC0-301F-11D3-BF4B-00C04F79EFBC}") = "Tyuiu.GluhovaUA.Sprint1.Task0.V5.Test", "Tyuiu.GluhovaUA.Sprint1.Task0.V5.Test\Tyuiu.GluhovaUA.Sprint1.Task0.V5.Test.csproj", "{62DA57F8-E13F-4321-A428-E90F7D92EFCF}"
EndProject
Project("{2150E333-8FDC-42A3-9474-1A3956D46DE8}") = "Task1", "Task1", "{1255CF75-1D8F-4CDF-8F8A-6AE51C143E3F}"
EndProject
Project("{FAE04EC0-301F-11D3-BF4B-00C04F79EFBC}") = "Tyuiu.GluhovaUA.Sprint1.Task1.V6", "Tyuiu.GluhovaUA.Sprint1.Task1.V6\Tyuiu.GluhovaUA.Sprint1.Task1.V6.csproj", "{DA859522-6AC7-66A4-5A09-25671B70CE00}"
EndProject
Project("{FAE04EC0-301F-11D3-BF4B-00C04F79EFBC}") = "Tyuiu.GluhovaUA.Sprint1.Task1.V6.Lib", "Tyuiu.GluhovaUA.Sprint1.Task1.V6.Lib\Tyuiu.GluhovaUA.Sprint1.Task1.V6.Lib.csproj", "{9D692FAC-0401-3C91-DC31-F95C25F6AB03}"
EndProject
Project("{FAE04EC0-301F-11D3-BF4B-00C04F79EFBC}") = "Tyuiu.GluhovaUA.Sprint1.Task1.V6.Test", "Tyuiu.GluhovaUA.Sprint1.Task1.V6.Test\Tyuiu.GluhovaUA.Sprint1.Task1.V6.Test.csproj", "{5704C20A-AD7C-1FF5-18AA-5F90BB86620A}"
EndProject
Project("{2150E333-8FDC-42A3-9474-1A3956D46DE8}") = "Task2", "Task2", "{60FF4C3B-A99A-43E9-864F-92205DF1D4BA}"
EndProject
Project("{FAE04EC0-301F-11D3-BF4B-00C04F79EFBC}") = "Tyuiu.GluhovaUA.Sprint1.Task2.V22", "Tyuiu.GluhovaUA.Sprint1.Task2.V22\Tyuiu.GluhovaUA.Sprint1.Task2.V22.csproj", "{DD0CCC93-2423-4A01-8437-7EB045952658}"
EndProject
Project("{FAE04EC0-301F-11D3-BF4B-00C04F79EFBC}") = "Tyuiu.GluhovaUA.Sprint1.Task2.V22.Lib", "Tyuiu.GluhovaUA.Sprint1.Task2.V22.Lib\Tyuiu.GluhovaUA.Sprint1.Task2.V22.Lib.csproj", "{39ED5B41-30C3-4069-AE15-F115CD30738D}"
EndProject
Project("{FAE04EC0-301F-11D3-BF4B-00C04F79EFBC}") = "Tyuiu.GluhovaUA.Sprint1.Task2.V22.Test", "Tyuiu.GluhovaUA.Sprint1.Task2.V22.Test\Tyuiu.GluhovaUA.Sprint1.Task2.V22.Test.csproj", "{120958EE-FAB3-48BA-ABC2-2CCE2B640BB9}"
EndProject
Project("{2150E333-8FDC-42A3-9474-1A3956D46DE8}") = "Task3", "Task3", "{E550B4FB-22D0-4780-B028-48A461C31CB2}"
EndProject
Project("{FAE04EC0-301F-11D3-BF4B-00C04F79EFBC}") = "Tyuiu.GluhovaUA.Sprint1.Task3.V8", "Tyuiu.GluhovaUA.Sprint1.Task3.V8\Tyuiu.GluhovaUA.Sprint1.Task3.V8.csproj", "{ADEB6E20-4D36-4B06-BF2E-F2A08C474DE9}"
EndProject
Project("{FAE04EC0-301F-11D3-BF4B-00C04F79EFBC}") = "Tyuiu.GluhovaUA.Sprint1.Task3.V8.Lib", "Tyuiu.GluhovaUA.Sprint1.Task3.V8.Lib\Tyuiu.GluhovaUA.Sprint1.Task3.V8.Lib.csproj", "{74D4F06E-0D9A-41CA-A66A-8911B80B0587}"
EndProject
Project("{FAE04EC0-301F-11D3-BF4B-00C04F79EFBC}") = "Tyuiu.GluhovaUA.Sprint1.Task3.V8.Test", "Tyuiu.GluhovaUA.Sprint1.Task3.V8.Test\Tyuiu.GluhovaUA.Sprint1.Task3.V8.Test.csproj", "{1396E3D6-6CE1-4F06-9E57-0627FCB68724}"
EndProject
Project("{2150E333-8FDC-42A3-9474-1A3956D46DE8}") = "Task4", "Task4", "{91FDEE99-63C4-48EC-9CCB-2ABA551DC005}"
EndProject
Project("{FAE04EC0-301F-11D3-BF4B-00C04F79EFBC}") = "Tyuiu.GluhovaUA.Sprint1.Task4.V22", "Tyuiu.GluhovaUA.Sprint1.Task4.V22\Tyuiu.GluhovaUA.Sprint1.Task4.V22.csproj", "{047D6159-61FB-478F-B5FE-AC94CC1D9BFF}"
EndProject
Project("{FAE04EC0-301F-11D3-BF4B-00C04F79EFBC}") = "Tyuiu.GluhovaUA.Sprint1.Task4.V22.Lib", "Tyuiu.GluhovaUA.Sprint1.Task4.V22.Lib\Tyuiu.GluhovaUA.Sprint1.Task4.V22.Lib.csproj", "{E9F51978-A5F0-4EEA-B361-53DCCA724711}"
EndProject
Project("{FAE04EC0-301F-11D3-BF4B-00C04F79EFBC}") = "Tyuiu.GluhovaUA.Sprint1.Task4.V22.Test", "Tyuiu.GluhovaUA.Sprint1.Task4.V22.Test\Tyuiu.GluhovaUA.Sprint1.Task4.V22.Test.csproj", "{9623580D-7B38-4A18-806D-7D9B7798390F}"
EndProject
Project("{2150E333-8FDC-42A3-9474-1A3956D46DE8}") = "Task5", "Task5", "{EABF5FE1-44AC-4CE7-8025-6D0C987D3BC8}"
EndProject
Project("{FAE04EC0-301F-11D3-BF4B-00C04F79EFBC}") = "Tyuiu.GluhovaUA.Sprint1.Task5.V6", "Tyuiu.GluhovaUA.Sprint1.Task5.V6\Tyuiu.GluhovaUA.Sprint1.Task5.V6.csproj", "{4DEEA2E6-96B5-4EF6-AB61-080442B82D74}"
EndProject
Project("{FAE04EC0-301F-11D3-BF4B-00C04F79EFBC}") = "Tyuiu.GluhovaUA.Sprint1.Task5.V6.Lib", "Tyuiu.GluhovaUA.Sprint1.Task5.V6.Lib\Tyuiu.GluhovaUA.Sprint1.Task5.V6.Lib.csproj", "{CAF94CC9-FDB6-43E8-A398-D0CDDE35B634}"
EndProject
Project("{FAE04EC0-301F-11D3-BF4B-00C04F79EFBC}") = "Tyuiu.GluhovaUA.Sprint1.Task5.V6.Test", "Tyuiu.GluhovaUA.Sprint1.Task5.V6.Test\Tyuiu.GluhovaUA.Sprint1.Task5.V6.Test.csproj", "{C1EA5917-F367-4BEE-ACE3-16608D02DDF4}"
EndProject
Project("{2150E333-8FDC-42A3-9474-1A3956D46DE8}") = "Task6", "Task6", "{201EC1CA-5727-4872-B8D1-6ACDB34D2F21}"
EndProject
Project("{FAE04EC0-301F-11D3-BF4B-00C04F79EFBC}") = "Tyuiu.GluhovaUA.Sprint1.Task6.V9", "Tyuiu.GluhovaUA.Sprint1.Task6.V9\Tyuiu.GluhovaUA.Sprint1.Task6.V9.csproj", "{90AD1AB2-00F8-45FF-80FB-F54CFBC9617A}"
EndProject
Project("{FAE04EC0-301F-11D3-BF4B-00C04F79EFBC}") = "Tyuiu.GluhovaUA.Sprint1.Task6.V9.Lib", "Tyuiu.GluhovaUA.Sprint1.Task6.V9.Lib\Tyuiu.GluhovaUA.Sprint1.Task6.V9.Lib.csproj", "{8172C60E-4BDA-4FC8-9342-A08C584CC6E9}"
EndProject
Project("{FAE04EC0-301F-11D3-BF4B-00C04F79EFBC}") = "Tyuiu.GluhovaUA.Sprint1.Task6.V9.Test", "Tyuiu.GluhovaUA.Sprint1.Task6.V9.Test\Tyuiu.GluhovaUA.Sprint1.Task6.V9.Test.csproj", "{7C8654AC-9E5B-4A4F-B58B-971B15F70C0B}"
EndProject
Project("{2150E333-8FDC-42A3-9474-1A3956D46DE8}") = "Task7", "Task7", "{BE12D48D-D890-43E5-B344-9F77C5D9AD69}"
EndProject
Project("{FAE04EC0-301F-11D3-BF4B-00C04F79EFBC}") = "Tyuiu.GluhovaUA.Sprint1.Task7.V19", "Tyuiu.GluhovaUA.Sprint1.Task7.V19\Tyuiu.GluhovaUA.Sprint1.Task7.V19.csproj", "{AE5BE5CC-82DC-45DF-8613-495017A7A72D}"
EndProject
Project("{FAE04EC0-301F-11D3-BF4B-00C04F79EFBC}") = "Tyuiu.GluhovaUA.Sprint1.Task7.V19.Lib", "Tyuiu.GluhovaUA.Sprint1.Task7.V19.Lib\Tyuiu.GluhovaUA.Sprint1.Task7.V19.Lib.csproj", "{F4B8688E-79F4-4999-A243-EC5B62942758}"
EndProject
Project("{FAE04EC0-301F-11D3-BF4B-00C04F79EFBC}") = "Tyuiu.GluhovaUA.Sprint1.Task7.V19.Test", "Tyuiu.GluhovaUA.Sprint1.Task7.V19.Test\Tyuiu.GluhovaUA.Sprint1.Task7.V19.Test.csproj", "{19C95DEB-F725-4CAA-ACEE-8649C146A35E}"
EndProject
Global
	GlobalSection(SolutionConfigurationPlatforms) = preSolution
		Debug|Any CPU = Debug|Any CPU
		Release|Any CPU = Release|Any CPU
	EndGlobalSection
	GlobalSection(ProjectConfigurationPlatforms) = postSolution
		{3ADCBAE4-B33D-4B62-8399-394C58638DE7}.Debug|Any CPU.ActiveCfg = Debug|Any CPU
		{3ADCBAE4-B33D-4B62-8399-394C58638DE7}.Debug|Any CPU.Build.0 = Debug|Any CPU
		{3ADCBAE4-B33D-4B62-8399-394C58638DE7}.Release|Any CPU.ActiveCfg = Release|Any CPU
		{3ADCBAE4-B33D-4B62-8399-394C58638DE7}.Release|Any CPU.Build.0 = Release|Any CPU
		{B131D7A3-8726-46C4-8FAF-01DC057BF669}.Debug|Any CPU.ActiveCfg = Debug|Any CPU
		{B131D7A3-8726-46C4-8FAF-01DC057BF669}.Debug|Any CPU.Build.0 = Debug|Any CPU
		{B131D7A3-8726-46C4-8FAF-01DC057BF669}.Release|Any CPU.ActiveCfg = Release|Any CPU
		{B131D7A3-8726-46C4-8FAF-01DC057BF669}.Release|Any CPU.Build.0 = Release|Any CPU
		{62DA57F8-E13F-4321-A428-E90F7D92EFCF}.Debug|Any CPU.ActiveCfg = Debug|Any CPU
		{62DA57F8-E13F-4321-A428-E90F7D92EFCF}.Debug|Any CPU.Build.0 = Debug|Any CPU
		{62DA57F8-E13F-4321-A428-E90F7D92EFCF}.Release|Any CPU.ActiveCfg = Release|Any CPU
		{62DA57F8-E13F-4321-A428-E90F7D92EFCF}.Release|Any CPU.Build.0 = Release|Any CPU
		{DA859522-6AC7-66A4-5A09-25671B70CE00}.Debug|Any CPU.ActiveCfg = Debug|Any CPU
		{DA859522-6AC7-66A4-5A09-25671B70CE00}.Debug|Any CPU.Build.0 = Debug|Any CPU
		{DA859522-6AC7-66A4-5A09-25671B70CE00}.Release|Any CPU.ActiveCfg = Release|Any CPU
		{DA859522-6AC7-66A4-5A09-25671B70CE00}.Release|Any CPU.Build.0 = Release|Any CPU
		{9D692FAC-0401-3C91-DC31-F95C25F6AB03}.Debug|Any CPU.ActiveCfg = Debug|Any CPU
		{9D692FAC-0401-3C91-DC31-F95C25F6AB03}.Debug|Any CPU.Build.0 = Debug|Any CPU
		{9D692FAC-0401-3C91-DC31-F95C25F6AB03}.Release|Any CPU.ActiveCfg = Release|Any CPU
		{9D692FAC-0401-3C91-DC31-F95C25F6AB03}.Release|Any CPU.Build.0 = Release|Any CPU
		{5704C20A-AD7C-1FF5-18AA-5F90BB86620A}.Debug|Any CPU.ActiveCfg = Debug|Any CPU
		{5704C20A-AD7C-1FF5-18AA-5F90BB86620A}.Debug|Any CPU.Build.0 = Debug|Any CPU
		{5704C20A-AD7C-1FF5-18AA-5F90BB86620A}.Release|Any CPU.ActiveCfg = Release|Any CPU
		{5704C20A-AD7C-1FF5-18AA-5F90BB86620A}.Release|Any CPU.Build.0 = Release|Any CPU
		{DD0CCC93-2423-4A01-8437-7EB045952658}.Debug|Any CPU.ActiveCfg = Debug|Any CPU
		{DD0CCC93-2423-4A01-8437-7EB045952658}.Debug|Any CPU.Build.0 = Debug|Any CPU
		{DD0CCC93-2423-4A01-8437-7EB045952658}.Release|Any CPU.ActiveCfg = Release|Any CPU
		{DD0CCC93-2423-4A01-8437-7EB045952658}.Release|Any CPU.Build.0 = Release|Any CPU
		{39ED5B41-30C3-4069-AE15-F115CD30738D}.Debug|Any CPU.ActiveCfg = Debug|Any CPU
		{39ED5B41-30C3-4069-AE15-F115CD30738D}.Debug|Any CPU.Build.0 = Debug|Any CPU
		{39ED5B41-30C3-4069-AE15-F115CD30738D}.Release|Any CPU.ActiveCfg = Release|Any CPU
		{39ED5B41-30C3-4069-AE15-F115CD30738D}.Release|Any CPU.Build.0 = Release|Any CPU
		{120958EE-FAB3-48BA-ABC2-2CCE2B640BB9}.Debug|Any CPU.ActiveCfg = Debug|Any CPU
		{120958EE-FAB3-48BA-ABC2-2CCE2B640BB9}.Debug|Any CPU.Build.0 = Debug|Any CPU
		{120958EE-FAB3-48BA-ABC2-2CCE2B640BB9}.Release|Any CPU.ActiveCfg = Release|Any CPU
		{120958EE-FAB3-48BA-ABC2-2CCE2B640BB9}.Release|Any CPU.Build.0 = Release|Any CPU
		{ADEB6E20-4D36-4B06-BF2E-F2A08C474DE9}.Debug|Any CPU.ActiveCfg = Debug|Any CPU
		{ADEB6E20-4D36-4B06-BF2E-F2A08C474DE9}.Debug|Any CPU.Build.0 = Debug|Any CPU
		{ADEB6E20-4D36-4B06-BF2E-F2A08C474DE9}.Release|Any CPU.ActiveCfg = Release|Any CPU
		{ADEB6E20-4D36-4B06-BF2E-F2A08C474DE9}.Release|Any CPU.Build.0 = Release|Any CPU
		{74D4F06E-0D9A-41CA-A66A-8911B80B0587}.Debug|Any CPU.ActiveCfg = Debug|Any CPU
		{74D4F06E-0D9A-41CA-A66A-8911B80B0587}.Debug|Any CPU.Build.0 = Debug|Any CPU
		{74D4F06E-0D9A-41CA-A66A-8911B80B0587}.Release|Any CPU.ActiveCfg = Release|Any CPU
		{74D4F06E-0D9A-41CA-A66A-8911B80B0587}.Release|Any CPU.Build.0 = Release|Any CPU
		{1396E3D6-6CE1-4F06-9E57-0627FCB68724}.Debug|Any CPU.ActiveCfg = Debug|Any CPU
		{1396E3D6-6CE1-4F06-9E57-0627FCB68724}.Debug|Any CPU.Build.0 = Debug|Any CPU
		{1396E3D6-6CE1-4F06-9E57-0627FCB68724}.Release|Any CPU.ActiveCfg = Release|Any CPU
		{1396E3D6-6CE1-4F06-9E57-0627FCB68724}.Release|Any CPU.Build.0 = Release|Any CPU
		{047D6159-61FB-478F-B5FE-AC94CC1D9BFF}.Debug|Any CPU.ActiveCfg = Debug|Any CPU
		{047D6159-61FB-478F-B5FE-AC94CC1D9BFF}.Debug|Any CPU.Build.0 = Debug|Any CPU
		{047D6159-61FB-478F-B5FE-AC94CC1D9BFF}.Release|Any CPU.ActiveCfg = Release|Any CPU
		{047D6159-61FB-478F-B5FE-AC94CC1D9BFF}.Release|Any CPU.Build.0 = Release|Any CPU
		{E9F51978-A5F0-4EEA-B361-53DCCA724711}.Debug|Any CPU.ActiveCfg = Debug|Any CPU
		{E9F51978-A5F0-4EEA-B361-53DCCA724711}.Debug|Any CPU.Build.0 = Debug|Any CPU
		{E9F51978-A5F0-4EEA-B361-53DCCA724711}.Release|Any CPU.ActiveCfg = Release|Any CPU
		{E9F51978-A5F0-4EEA-B361-53DCCA724711}.Release|Any CPU.Build.0 = Release|Any CPU
		{9623580D-7B38-4A18-806D-7D9B7798390F}.Debug|Any CPU.ActiveCfg = Debug|Any CPU
		{9623580D-7B38-4A18-806D-7D9B7798390F}.Debug|Any CPU.Build.0 = Debug|Any CPU
		{9623580D-7B38-4A18-806D-7D9B7798390F}.Release|Any CPU.ActiveCfg = Release|Any CPU
		{9623580D-7B38-4A18-806D-7D9B7798390F}.Release|Any CPU.Build.0 = Release|Any CPU
		{4DEEA2E6-96B5-4EF6-AB61-080442B82D74}.Debug|Any CPU.ActiveCfg = Debug|Any CPU
		{4DEEA2E6-96B5-4EF6-AB61-080442B82D74}.Debug|Any CPU.Build.0 = Debug|Any CPU
		{4DEEA2E6-96B5-4EF6-AB61-080442B82D74}.Release|Any CPU.ActiveCfg = Release|Any CPU
		{4DEEA2E6-96B5-4EF6-AB61-080442B82D74}.Release|Any CPU.Build.0 = Release|Any CPU
		{CAF94CC9-FDB6-43E8-A398-D0CDDE35B634}.Debug|Any CPU.ActiveCfg = Debug|Any CPU
		{CAF94CC9-FDB6-43E8-A398-D0CDDE35B634}.Debug|Any CPU.Build.0 = Debug|Any CPU
		{CAF94CC9-FDB6-43E8-A398-D0CDDE35B634}.Release|Any CPU.ActiveCfg = Release|Any CPU
		{CAF94CC9-FDB6-43E8-A398-D0CDDE35B634}.Release|Any CPU.Build.0 = Release|Any CPU
		{C1EA5917-F367-4BEE-ACE3-16608D02DDF4}.Debug|Any CPU.ActiveCfg = Debug|Any CPU
		{C1EA5917-F367-4BEE-ACE3-16608D02DDF4}.Debug|Any CPU.Build.0 = Debug|Any CPU
		{C1EA5917-F367-4BEE-ACE3-16608D02DDF4}.Release|Any CPU.ActiveCfg = Release|Any CPU
		{C1EA5917-F367-4BEE-ACE3-16608D02DDF4}.Release|Any CPU.Build.0 = Release|Any CPU
		{90AD1AB2-00F8-45FF-80FB-F54CFBC9617A}.Debug|Any CPU.ActiveCfg = Debug|Any CPU
		{90AD1AB2-00F8-45FF-80FB-F54CFBC9617A}.Debug|Any CPU.Build.0 = Debug|Any CPU
		{90AD1AB2-00F8-45FF-80FB-F54CFBC9617A}.Release|Any CPU.ActiveCfg = Release|Any CPU
		{90AD1AB2-00F8-45FF-80FB-F54CFBC9617A}.Release|Any CPU.Build.0 = Release|Any CPU
		{8172C60E-4BDA-4FC8-9342-A08C584CC6E9}.Debug|Any CPU.ActiveCfg = Debug|Any CPU
		{8172C60E-4BDA-4FC8-9342-A08C584CC6E9}.Debug|Any CPU.Build.0 = Debug|Any CPU
		{8172C60E-4BDA-4FC8-9342-A08C584CC6E9}.Release|Any CPU.ActiveCfg = Release|Any CPU
		{8172C60E-4BDA-4FC8-9342-A08C584CC6E9}.Release|Any CPU.Build.0 = Release|Any CPU
		{7C8654AC-9E5B-4A4F-B58B-971B15F70C0B}.Debug|Any CPU.ActiveCfg = Debug|Any CPU
		{7C8654AC-9E5B-4A4F-B58B-971B15F70C0B}.Debug|Any CPU.Build.0 = Debug|Any CPU
		{7C8654AC-9E5B-4A4F-B58B-971B15F70C0B}.Release|Any CPU.ActiveCfg = Release|Any CPU
		{7C8654AC-9E5B-4A4F-B58B-971B15F70C0B}.Release|Any CPU.Build.0 = Release|Any CPU
		{AE5BE5CC-82DC-45DF-8613-495017A7A72D}.Debug|Any CPU.ActiveCfg = Debug|Any CPU
		{AE5BE5CC-82DC-45DF-8613-495017A7A72D}.Debug|Any CPU.Build.0 = Debug|Any CPU
		{AE5BE5CC-82DC-45DF-8613-495017A7A72D}.Release|Any CPU.ActiveCfg = Release|Any CPU
		{AE5BE5CC-82DC-45DF-8613-495017A7A72D}.Release|Any CPU.Build.0 = Release|Any CPU
		{F4B8688E-79F4-4999-A243-EC5B62942758}.Debug|Any CPU.ActiveCfg = Debug|Any CPU
		{F4B8688E-79F4-4999-A243-EC5B62942758}.Debug|Any CPU.Build.0 = Debug|Any CPU
		{F4B8688E-79F4-4999-A243-EC5B62942758}.Release|Any CPU.ActiveCfg = Release|Any CPU
		{F4B8688E-79F4-4999-A243-EC5B62942758}.Release|Any CPU.Build.0 = Release|Any CPU
		{19C95DEB-F725-4CAA-ACEE-8649C146A35E}.Debug|Any CPU.ActiveCfg = Debug|Any CPU
		{19C95DEB-F725-4CAA-ACEE-8649C146A35E}.Debug|Any CPU.Build.0 = Debug|Any CPU
		{19C95DEB-F725-4CAA-ACEE-8649C146A35E}.Release|Any CPU.ActiveCfg = Release|Any CPU
		{19C95DEB-F725-4CAA-ACEE-8649C146A35E}.Release|Any CPU.Build.0 = Release|Any CPU
	EndGlobalSection
	GlobalSection(SolutionProperties) = preSolution
		HideSolutionNode = FALSE
	EndGlobalSection
	GlobalSection(NestedProjects) = preSolution
		{3ADCBAE4-B33D-4B62-8399-394C58638DE7} = {02EA681E-C7D8-13C7-8484-4AC65E1B71E8}
		{B131D7A3-8726-46C4-8FAF-01DC057BF669} = {02EA681E-C7D8-13C7-8484-4AC65E1B71E8}
		{62DA57F8-E13F-4321-A428-E90F7D92EFCF} = {02EA681E-C7D8-13C7-8484-4AC65E1B71E8}
		{DA859522-6AC7-66A4-5A09-25671B70CE00} = {1255CF75-1D8F-4CDF-8F8A-6AE51C143E3F}
		{9D692FAC-0401-3C91-DC31-F95C25F6AB03} = {1255CF75-1D8F-4CDF-8F8A-6AE51C143E3F}
		{5704C20A-AD7C-1FF5-18AA-5F90BB86620A} = {1255CF75-1D8F-4CDF-8F8A-6AE51C143E3F}
		{DD0CCC93-2423-4A01-8437-7EB045952658} = {60FF4C3B-A99A-43E9-864F-92205DF1D4BA}
		{39ED5B41-30C3-4069-AE15-F115CD30738D} = {60FF4C3B-A99A-43E9-864F-92205DF1D4BA}
		{120958EE-FAB3-48BA-ABC2-2CCE2B640BB9} = {60FF4C3B-A99A-43E9-864F-92205DF1D4BA}
		{ADEB6E20-4D36-4B06-BF2E-F2A08C474DE9} = {E550B4FB-22D0-4780-B028-48A461C31CB2}
		{74D4F06E-0D9A-41CA-A66A-8911B80B0587} = {E550B4FB-22D0-4780-B028-48A461C31CB2}
		{1396E3D6-6CE1-4F06-9E57-0627FCB68724} = {E550B4FB-22D0-4780-B028-48A461C31CB2}
		{047D6159-61FB-478F-B5FE-AC94CC1D9BFF} = {91FDEE99-63C4-48EC-9CCB-2ABA551DC005}
		{E9F51978-A5F0-4EEA-B361-53DCCA724711} = {91FDEE99-63C4-48EC-9CCB-2ABA551DC005}
		{9623580D-7B38-4A18-806D-7D9B7798390F} = {91FDEE99-63C4-48EC-9CCB-2ABA551DC005}
		{4DEEA2E6-96B5-4EF6-AB61-080442B82D74} = {EABF5FE1-44AC-4CE7-8025-6D0C987D3BC8}
		{CAF94CC9-FDB6-43E8-A398-D0CDDE35B634} = {EABF5FE1-44AC-4CE7-8025-6D0C987D3BC8}
		{C1EA5917-F367-4BEE-ACE3-16608D02DDF4} = {EABF5FE1-44AC-4CE7-8025-6D0C987D3BC8}
		{90AD1AB2-00F8-45FF-80FB-F54CFBC9617A} = {201EC1CA-5727-4872-B8D1-6ACDB34D2F21}
		{8172C60E-4BDA-4FC8-9342-A08C584CC6E9} = {201EC1CA-5727-4872-B8D1-6ACDB34D2F21}
		{7C8654AC-9E5B-4A4F-B58B-971B15F70C0B} = {201EC1CA-5727-4872-B8D1-6ACDB34D2F21}
		{AE5BE5CC-82DC-45DF-8613-495017A7A72D} = {BE12D48D-D890-43E5-B344-9F77C5D9AD69}
		{F4B8688E-79F4-4999-A243-EC5B62942758} = {BE12D48D-D890-43E5-B344-9F77C5D9AD69}
		{19C95DEB-F725-4CAA-ACEE-8649C146A35E} = {BE12D48D-D890-43E5-B344-9F77C5D9AD69}
	EndGlobalSection
	GlobalSection(ExtensibilityGlobals) = postSolution
		SolutionGuid = {698D8C78-3709-44C1-8665-1E20486C8965}
	EndGlobalSection
EndGlobal
