
Microsoft Visual Studio Solution File, Format Version 12.00
# Visual Studio Version 17
VisualStudioVersion = 17.14.37628.2
MinimumVisualStudioVersion = 10.0.40219.1
Project("{2150E333-8FDC-42A3-9474-1A3956D46DE8}") = "Task0", "Task0", "{02EA681E-C7D8-13C7-8484-4AC65E1B71E8}"
EndProject
Project("{FAE04EC0-301F-11D3-BF4B-00C04F79EFBC}") = "Tyuiu.GluhovaUA.Sprint1.Task0.V5", "Tyuiu.GluhovaUA.Sprint1.Task0.V5\Tyuiu.GluhovaUA.Sprint1.Task0.V5.csproj", "{3ADCBAE4-B33D-4B62-8399-394C58638DE7}"
EndProject
Project("{FAE04EC0-301F-11D3-BF4B-00C04F79EFBC}") = "Tyuiu.GluhovaUA.Sprint1.Task0.V5.Lib", "Tyuiu.GluhovaUA.Sprint1.Task0.V5.Lib\Tyuiu.GluhovaUA.Sprint1.Task0.V5.Lib.csproj", "{B131D7A3-8726-46C4-8FAF-01DC057BF669}"
EndProject
Project("{FAE04EC0-301F-11D3-BF4B-00C04F79EFBC}") = "Tyuiu.GluhovaUA.Sprint1.Task0.V5.Test", "Tyuiu.GluhovaUA.Sprint1.Task0.V5.Test\Tyuiu.GluhovaUA.Sprint1.Task0.V5.Test.csproj", "{62DA57F8-E13F-4321-A428-E90F7D92EFCF}"
EndProject
Project("{2150E333-8FDC-42A3-9474-1A3956D46DE8}") = "Task1", "Task1", "{1255CF75-1D8F-4CDF-8F8A-6AE51C143E3F}"
EndProject
Project("{FAE04EC0-301F-11D3-BF4B-00C04F79EFBC}") = "Tyuiu.GluhovaUA.Sprint1.Task1.V6", "Tyuiu.GluhovaUA.Sprint1.Task1.V6\Tyuiu.GluhovaUA.Sprint1.Task1.V6.csproj", "{DA859522-6AC7-66A4-5A09-25671B70CE00}"
EndProject
Project("{FAE04EC0-301F-11D3-BF4B-00C04F79EFBC}") = "Tyuiu.GluhovaUA.Sprint1.Task1.V6.Lib", "Tyuiu.GluhovaUA.Sprint1.Task1.V6.Lib\Tyuiu.GluhovaUA.Sprint1.Task1.V6.Lib.csproj", "{9D692FAC-0401-3C91-DC31-F95C25F6AB03}"
EndProject
Project("{FAE04EC0-301F-11D3-BF4B-00C04F79EFBC}") = "Tyuiu.GluhovaUA.Sprint1.Task1.V6.Test", "Tyuiu.GluhovaUA.Sprint1.Task1.V6.Test\Tyuiu.GluhovaUA.Sprint1.Task1.V6.Test.csproj", "{5704C20A-AD7C-1FF5-18AA-5F90BB86620A}"
EndProject
Project("{2150E333-8FDC-42A3-9474-1A3956D46DE8}") = "Task2", "Task2", "{60FF4C3B-A99A-43E9-864F-92205DF1D4BA}"
EndProject
Project("{FAE04EC0-301F-11D3-BF4B-00C04F79EFBC}") = "Tyuiu.GluhovaUA.Sprint1.Task2.V22", "Tyuiu.GluhovaUA.Sprint1.Task2.V22\Tyuiu.GluhovaUA.Sprint1.Task2.V22.csproj", "{DD0CCC93-2423-4A01-8437-7EB045952658}"
EndProject
Project("{FAE04EC0-301F-11D3-BF4B-00C04F79EFBC}") = "Tyuiu.GluhovaUA.Sprint1.Task2.V22.Lib", "Tyuiu.GluhovaUA.Sprint1.Task2.V22.Lib\Tyuiu.GluhovaUA.Sprint1.Task2.V22.Lib.csproj", "{39ED5B41-30C3-4069-AE15-F115CD30738D}"
EndProject
Project("{FAE04EC0-301F-11D3-BF4B-00C04F79EFBC}") = "Tyuiu.GluhovaUA.Sprint1.Task2.V22.Test", "Tyuiu.GluhovaUA.Sprint1.Task2.V22.Test\Tyuiu.GluhovaUA.Sprint1.Task2.V22.Test.csproj", "{120958EE-FAB3-48BA-ABC2-2CCE2B640BB9}"
EndProject
Global
	GlobalSection(SolutionConfigurationPlatforms) = preSolution
		Debug|Any CPU = Debug|Any CPU
		Release|Any CPU = Release|Any CPU
	EndGlobalSection
	GlobalSection(ProjectConfigurationPlatforms) = postSolution
		{3ADCBAE4-B33D-4B62-8399-394C58638DE7}.Debug|Any CPU.ActiveCfg = Debug|Any CPU
		{3ADCBAE4-B33D-4B62-8399-394C58638DE7}.Debug|Any CPU.Build.0 = Debug|Any CPU
		{3ADCBAE4-B33D-4B62-8399-394C58638DE7}.Release|Any CPU.ActiveCfg = Release|Any CPU
		{3ADCBAE4-B33D-4B62-8399-394C58638DE7}.Release|Any CPU.Build.0 = Release|Any CPU
		{B131D7A3-8726-46C4-8FAF-01DC057BF669}.Debug|Any CPU.ActiveCfg = Debug|Any CPU
		{B131D7A3-8726-46C4-8FAF-01DC057BF669}.Debug|Any CPU.Build.0 = Debug|Any CPU
		{B131D7A3-8726-46C4-8FAF-01DC057BF669}.Release|Any CPU.ActiveCfg = Release|Any CPU
		{B131D7A3-8726-46C4-8FAF-01DC057BF669}.Release|Any CPU.Build.0 = Release|Any CPU
		{62DA57F8-E13F-4321-A428-E90F7D92EFCF}.Debug|Any CPU.ActiveCfg = Debug|Any CPU
		{62DA57F8-E13F-4321-A428-E90F7D92EFCF}.Debug|Any CPU.Build.0 = Debug|Any CPU
		{62DA57F8-E13F-4321-A428-E90F7D92EFCF}.Release|Any CPU.ActiveCfg = Release|Any CPU
		{62DA57F8-E13F-4321-A428-E90F7D92EFCF}.Release|Any CPU.Build.0 = Release|Any CPU
		{DA859522-6AC7-66A4-5A09-25671B70CE00}.Debug|Any CPU.ActiveCfg = Debug|Any CPU
		{DA859522-6AC7-66A4-5A09-25671B70CE00}.Debug|Any CPU.Build.0 = Debug|Any CPU
		{DA859522-6AC7-66A4-5A09-25671B70CE00}.Release|Any CPU.ActiveCfg = Release|Any CPU
		{DA859522-6AC7-66A4-5A09-25671B70CE00}.Release|Any CPU.Build.0 = Release|Any CPU
		{9D692FAC-0401-3C91-DC31-F95C25F6AB03}.Debug|Any CPU.ActiveCfg = Debug|Any CPU
		{9D692FAC-0401-3C91-DC31-F95C25F6AB03}.Debug|Any CPU.Build.0 = Debug|Any CPU
		{9D692FAC-0401-3C91-DC31-F95C25F6AB03}.Release|Any CPU.ActiveCfg = Release|Any CPU
		{9D692FAC-0401-3C91-DC31-F95C25F6AB03}.Release|Any CPU.Build.0 = Release|Any CPU
		{5704C20A-AD7C-1FF5-18AA-5F90BB86620A}.Debug|Any CPU.ActiveCfg = Debug|Any CPU
		{5704C20A-AD7C-1FF5-18AA-5F90BB86620A}.Debug|Any CPU.Build.0 = Debug|Any CPU
		{5704C20A-AD7C-1FF5-18AA-5F90BB86620A}.Release|Any CPU.ActiveCfg = Release|Any CPU
		{5704C20A-AD7C-1FF5-18AA-5F90BB86620A}.Release|Any CPU.Build.0 = Release|Any CPU
		{DD0CCC93-2423-4A01-8437-7EB045952658}.Debug|Any CPU.ActiveCfg = Debug|Any CPU
		{DD0CCC93-2423-4A01-8437-7EB045952658}.Debug|Any CPU.Build.0 = Debug|Any CPU
		{DD0CCC93-2423-4A01-8437-7EB045952658}.Release|Any CPU.ActiveCfg = Release|Any CPU
		{DD0CCC93-2423-4A01-8437-7EB045952658}.Release|Any CPU.Build.0 = Release|Any CPU
		{39ED5B41-30C3-4069-AE15-F115CD30738D}.Debug|Any CPU.ActiveCfg = Debug|Any CPU
		{39ED5B41-30C3-4069-AE15-F115CD30738D}.Debug|Any CPU.Build.0 = Debug|Any CPU
		{39ED5B41-30C3-4069-AE15-F115CD30738D}.Release|Any CPU.ActiveCfg = Release|Any CPU
		{39ED5B41-30C3-4069-AE15-F115CD30738D}.Release|Any CPU.Build.0 = Release|Any CPU
		{120958EE-FAB3-48BA-ABC2-2CCE2B640BB9}.Debug|Any CPU.ActiveCfg = Debug|Any CPU
		{120958EE-FAB3-48BA-ABC2-2CCE2B640BB9}.Debug|Any CPU.Build.0 = Debug|Any CPU
		{120958EE-FAB3-48BA-ABC2-2CCE2B640BB9}.Release|Any CPU.ActiveCfg = Release|Any CPU
		{120958EE-FAB3-48BA-ABC2-2CCE2B640BB9}.Release|Any CPU.Build.0 = Release|Any CPU
	EndGlobalSection
	GlobalSection(SolutionProperties) = preSolution
		HideSolutionNode = FALSE
	EndGlobalSection
	GlobalSection(NestedProjects) = preSolution
		{3ADCBAE4-B33D-4B62-8399-394C58638DE7} = {02EA681E-C7D8-13C7-8484-4AC65E1B71E8}
		{B131D7A3-8726-46C4-8FAF-01DC057BF669} = {02EA681E-C7D8-13C7-8484-4AC65E1B71E8}
		{62DA57F8-E13F-4321-A428-E90F7D92EFCF} = {02EA681E-C7D8-13C7-8484-4AC65E1B71E8}
		{DA859522-6AC7-66A4-5A09-25671B70CE00} = {1255CF75-1D8F-4CDF-8F8A-6AE51C143E3F}
		{9D692FAC-0401-3C91-DC31-F95C25F6AB03} = {1255CF75-1D8F-4CDF-8F8A-6AE51C143E3F}
		{5704C20A-AD7C-1FF5-18AA-5F90BB86620A} = {1255CF75-1D8F-4CDF-8F8A-6AE51C143E3F}
		{DD0CCC93-2423-4A01-8437-7EB045952658} = {60FF4C3B-A99A-43E9-864F-92205DF1D4BA}
		{39ED5B41-30C3-4069-AE15-F115CD30738D} = {60FF4C3B-A99A-43E9-864F-92205DF1D4BA}
		{120958EE-FAB3-48BA-ABC2-2CCE2B640BB9} = {60FF4C3B-A99A-43E9-864F-92205DF1D4BA}
	EndGlobalSection
	GlobalSection(ExtensibilityGlobals) = postSolution
		SolutionGuid = {698D8C78-3709-44C1-8665-1E20486C8965}
	EndGlobalSection
EndGlobal
